{
  "name": "jupyter-colorbar",
  "version": "0.1.0",
  "lockfileVersion": 1,
  "requires": true,
  "dependencies": {
    "@jupyterlab/coreutils": {
      "version": "2.1.4",
      "resolved": "https://registry.npmjs.org/@jupyterlab/coreutils/-/coreutils-2.1.4.tgz",
      "integrity": "sha512-jSjn+xZj+kJrSWJ2Hz3jpxq0EXNpQrsnf+dD+pnDPc8mAeQ2XVu/x63VZyIDx8u2MELrIodFsUmQTxeudXKlOg==",
      "dev": true,
      "requires": {
        "@phosphor/algorithm": "^1.1.2",
        "@phosphor/coreutils": "^1.3.0",
        "@phosphor/disposable": "^1.1.2",
        "@phosphor/signaling": "^1.2.2",
        "ajv": "~5.1.6",
        "comment-json": "^1.1.3",
        "minimist": "~1.2.0",
        "moment": "~2.21.0",
        "path-posix": "~1.0.0",
        "url-parse": "~1.4.3"
      }
    },
    "@jupyterlab/observables": {
      "version": "2.0.7",
      "resolved": "https://registry.npmjs.org/@jupyterlab/observables/-/observables-2.0.7.tgz",
      "integrity": "sha512-EbmQH7+9SOBZXq3wOhBII7DQXeOeu7v5v8qPK7hJrjGUWSZhGYGglzm05ou5bP/Q2h+Y+Ar3tYX/LUupR6JuaA==",
      "dev": true,
      "requires": {
        "@phosphor/algorithm": "^1.1.2",
        "@phosphor/coreutils": "^1.3.0",
        "@phosphor/disposable": "^1.1.2",
        "@phosphor/messaging": "^1.2.2",
        "@phosphor/signaling": "^1.2.2"
      }
    },
    "@jupyterlab/services": {
      "version": "3.1.4",
      "resolved": "https://registry.npmjs.org/@jupyterlab/services/-/services-3.1.4.tgz",
      "integrity": "sha512-EK8WDbqGWsbsYAtd1AbpelaXOrtuHDgV5fNcdXTnHyhvA/uXn/yYRI+mKO2sTjVjAjVL6n/XNomd0czzp+kiGg==",
      "dev": true,
      "requires": {
        "@jupyterlab/coreutils": "^2.1.4",
        "@jupyterlab/observables": "^2.0.7",
        "@phosphor/algorithm": "^1.1.2",
        "@phosphor/coreutils": "^1.3.0",
        "@phosphor/disposable": "^1.1.2",
        "@phosphor/signaling": "^1.2.2",
        "node-fetch": "~1.7.3",
        "ws": "~1.1.4"
      }
    },
    "@phosphor/algorithm": {
      "version": "1.1.2",
      "resolved": "https://registry.npmjs.org/@phosphor/algorithm/-/algorithm-1.1.2.tgz",
      "integrity": "sha1-/R3pEEyafzTpKGRYbd8ufy53eeg=",
      "dev": true
    },
    "@phosphor/collections": {
      "version": "1.1.2",
      "resolved": "https://registry.npmjs.org/@phosphor/collections/-/collections-1.1.2.tgz",
      "integrity": "sha1-xMC4uREpkF+zap8kPy273kYtq40=",
      "dev": true,
      "requires": {
        "@phosphor/algorithm": "^1.1.2"
      }
    },
    "@phosphor/commands": {
      "version": "1.6.1",
      "resolved": "https://registry.npmjs.org/@phosphor/commands/-/commands-1.6.1.tgz",
      "integrity": "sha512-iRgn7QX64e0VwZ91KFo964a/LVpw9XtiYIYtpymEyKY757NXvx6ZZMt1CqKfntoDcSZJeVte4eV8jJWhZoVlDA==",
      "dev": true,
      "requires": {
        "@phosphor/algorithm": "^1.1.2",
        "@phosphor/coreutils": "^1.3.0",
        "@phosphor/disposable": "^1.1.2",
        "@phosphor/domutils": "^1.1.2",
        "@phosphor/keyboard": "^1.1.2",
        "@phosphor/signaling": "^1.2.2"
      }
    },
    "@phosphor/coreutils": {
      "version": "1.3.0",
      "resolved": "https://registry.npmjs.org/@phosphor/coreutils/-/coreutils-1.3.0.tgz",
      "integrity": "sha1-YyktOBwBLFqw0Blug87YKbfgSkI=",
      "dev": true
    },
    "@phosphor/disposable": {
      "version": "1.1.2",
      "resolved": "https://registry.npmjs.org/@phosphor/disposable/-/disposable-1.1.2.tgz",
      "integrity": "sha1-oZLdai5sadXQnTns8zTauTd4Bg4=",
      "dev": true,
      "requires": {
        "@phosphor/algorithm": "^1.1.2"
      }
    },
    "@phosphor/domutils": {
      "version": "1.1.2",
      "resolved": "https://registry.npmjs.org/@phosphor/domutils/-/domutils-1.1.2.tgz",
      "integrity": "sha1-4u/rBS85jEK5O4npurJq8VzABRQ=",
      "dev": true
    },
    "@phosphor/dragdrop": {
      "version": "1.3.0",
      "resolved": "https://registry.npmjs.org/@phosphor/dragdrop/-/dragdrop-1.3.0.tgz",
      "integrity": "sha1-fOatOdbKIW1ipW94EE0Cp3rmcwc=",
      "dev": true,
      "requires": {
        "@phosphor/coreutils": "^1.3.0",
        "@phosphor/disposable": "^1.1.2"
      }
    },
    "@phosphor/keyboard": {
      "version": "1.1.2",
      "resolved": "https://registry.npmjs.org/@phosphor/keyboard/-/keyboard-1.1.2.tgz",
      "integrity": "sha1-PjIjRFF2QkCpjhSANNWoeXQi3R8=",
      "dev": true
    },
    "@phosphor/messaging": {
      "version": "1.2.2",
      "resolved": "https://registry.npmjs.org/@phosphor/messaging/-/messaging-1.2.2.tgz",
      "integrity": "sha1-fYlt3TeXuUo0dwje0T2leD23XBQ=",
      "dev": true,
      "requires": {
        "@phosphor/algorithm": "^1.1.2",
        "@phosphor/collections": "^1.1.2"
      }
    },
    "@phosphor/properties": {
      "version": "1.1.2",
      "resolved": "https://registry.npmjs.org/@phosphor/properties/-/properties-1.1.2.tgz",
      "integrity": "sha1-eMx37/RSg52gIlXeSOgUlGzAmig=",
      "dev": true
    },
    "@phosphor/signaling": {
      "version": "1.2.2",
      "resolved": "https://registry.npmjs.org/@phosphor/signaling/-/signaling-1.2.2.tgz",
      "integrity": "sha1-P8+Xyojji/s1f+j+a/dRM0elFKk=",
      "dev": true,
      "requires": {
        "@phosphor/algorithm": "^1.1.2"
      }
    },
    "@phosphor/virtualdom": {
      "version": "1.1.2",
      "resolved": "https://registry.npmjs.org/@phosphor/virtualdom/-/virtualdom-1.1.2.tgz",
      "integrity": "sha1-zlXIbu8x5dDiax3JbqMr1oRFj0E=",
      "dev": true,
      "requires": {
        "@phosphor/algorithm": "^1.1.2"
      }
    },
    "@phosphor/widgets": {
      "version": "1.6.0",
      "resolved": "https://registry.npmjs.org/@phosphor/widgets/-/widgets-1.6.0.tgz",
      "integrity": "sha512-HqVckVF8rJ15ss0Zf/q0AJ69ZKNFOO26qtNKAdGZ9SmmkSMf73X6pB0R3Fj5+Y4Sjl8ezIIKG6mXj+DxOofnwA==",
      "dev": true,
      "requires": {
        "@phosphor/algorithm": "^1.1.2",
        "@phosphor/commands": "^1.5.0",
        "@phosphor/coreutils": "^1.3.0",
        "@phosphor/disposable": "^1.1.2",
        "@phosphor/domutils": "^1.1.2",
        "@phosphor/dragdrop": "^1.3.0",
        "@phosphor/keyboard": "^1.1.2",
        "@phosphor/messaging": "^1.2.2",
        "@phosphor/properties": "^1.1.2",
        "@phosphor/signaling": "^1.2.2",
        "@phosphor/virtualdom": "^1.1.2"
      }
    },
    "@types/backbone": {
      "version": "1.3.43",
      "resolved": "https://registry.npmjs.org/@types/backbone/-/backbone-1.3.43.tgz",
      "integrity": "sha512-TAoXvN4neAw2rEOQN8mg0Y0oLYgmPoCWtcMW4Rk19vJahcYueK0Yrf/2TZKWM81K/E1QpHKKyhITaU9LwXAATA==",
      "dev": true,
      "requires": {
        "@types/jquery": "*",
        "@types/underscore": "*"
      }
    },
    "@types/jquery": {
      "version": "3.3.6",
      "resolved": "https://registry.npmjs.org/@types/jquery/-/jquery-3.3.6.tgz",
      "integrity": "sha512-403D4wN95Mtzt2EoQHARf5oe/jEPhzBOBNrunk+ydQGW8WmkQ/E8rViRAEB1qEt/vssfGfNVD6ujP4FVeegrLg==",
      "dev": true
    },
    "@types/lodash": {
      "version": "4.14.116",
      "resolved": "https://registry.npmjs.org/@types/lodash/-/lodash-4.14.116.tgz",
      "integrity": "sha512-lRnAtKnxMXcYYXqOiotTmJd74uawNWuPnsnPrrO7HiFuE3npE2iQhfABatbYDyxTNqZNuXzcKGhw37R7RjBFLg==",
      "dev": true
    },
    "@types/underscore": {
      "version": "1.8.9",
      "resolved": "https://registry.npmjs.org/@types/underscore/-/underscore-1.8.9.tgz",
      "integrity": "sha512-vfzZGgZKRFy7KEWcBGfIFk+h6B+thDCLfkD1exMBMRlUsx2icA+J6y4kAbZs/TjSTeY1duw89QUU133TSzr60Q==",
      "dev": true
    },
    "ajv": {
      "version": "5.1.6",
      "resolved": "https://registry.npmjs.org/ajv/-/ajv-5.1.6.tgz",
      "integrity": "sha1-Sy8aGd7Ok9V6whYDfj6XkcfdFWQ=",
      "dev": true,
      "requires": {
        "co": "^4.6.0",
        "json-schema-traverse": "^0.3.0",
        "json-stable-stringify": "^1.0.1"
      }
    },
    "backbone": {
      "version": "1.2.3",
      "resolved": "https://registry.npmjs.org/backbone/-/backbone-1.2.3.tgz",
      "integrity": "sha1-wiz9B/yG676uYdGJKe0RXpmdZbk=",
      "dev": true,
      "requires": {
        "underscore": ">=1.7.0"
      }
    },
    "base64-js": {
      "version": "1.3.0",
      "resolved": "https://registry.npmjs.org/base64-js/-/base64-js-1.3.0.tgz",
      "integrity": "sha512-ccav/yGvoa80BQDljCxsmmQ3Xvx60/UpBIij5QN21W3wBi/hhIC9OoO+KLpu9IJTS9j4DRVJ3aDDF9cMSoa2lw==",
      "dev": true
    },
    "chromabar": {
      "version": "0.1.0",
      "requires": {
        "@types/d3-array": "^1.2.1",
        "d3-array": "^1.2.1",
        "d3-axis": "^1.0.9",
        "d3-scale": "^2.1.0"
      },
      "dependencies": {
        "@types/d3-array": {
          "version": "1.2.1",
          "bundled": true
        },
        "d3-array": {
          "version": "1.2.4",
          "bundled": true
        },
        "d3-axis": {
          "version": "1.0.12",
          "bundled": true
        },
        "d3-collection": {
          "version": "1.0.7",
          "bundled": true
        },
        "d3-color": {
          "version": "1.2.3",
          "bundled": true
        },
        "d3-format": {
          "version": "1.3.2",
          "bundled": true
        },
        "d3-interpolate": {
          "version": "1.3.2",
          "bundled": true,
          "requires": {
            "d3-color": "1"
          }
        },
        "d3-scale": {
          "version": "2.1.2",
          "bundled": true,
          "requires": {
            "d3-array": "^1.2.0",
            "d3-collection": "1",
            "d3-format": "1",
            "d3-interpolate": "1",
            "d3-time": "1",
            "d3-time-format": "2"
          }
        },
        "d3-time": {
          "version": "1.0.10",
          "bundled": true
        },
        "d3-time-format": {
          "version": "2.1.3",
          "bundled": true,
          "requires": {
            "d3-time": "1"
          }
        }
      }
    },
    "co": {
      "version": "4.6.0",
      "resolved": "https://registry.npmjs.org/co/-/co-4.6.0.tgz",
      "integrity": "sha1-bqa989hTrlTMuOR7+gvz+QMfsYQ=",
      "dev": true
    },
    "comment-json": {
      "version": "1.1.3",
      "resolved": "https://registry.npmjs.org/comment-json/-/comment-json-1.1.3.tgz",
      "integrity": "sha1-aYbDMw/uDEyeAMI5jNYa+l2PI54=",
      "dev": true,
      "requires": {
        "json-parser": "^1.0.0"
      }
    },
    "d3-array": {
      "version": "1.2.4",
      "resolved": "https://registry.npmjs.org/d3-array/-/d3-array-1.2.4.tgz",
      "integrity": "sha512-KHW6M86R+FUPYGb3R5XiYjXPq7VzwxZ22buHhAEVG5ztoEcZZMLov530mmccaqA1GghZArjQV46fuc8kUqhhHw==",
      "dev": true
    },
    "d3-collection": {
      "version": "1.0.7",
      "resolved": "https://registry.npmjs.org/d3-collection/-/d3-collection-1.0.7.tgz",
      "integrity": "sha512-ii0/r5f4sjKNTfh84Di+DpztYwqKhEyUlKoPrzUFfeSkWxjW49xU2QzO9qrPrNkpdI0XJkfzvmTu8V2Zylln6A==",
      "dev": true
    },
    "d3-color": {
      "version": "1.2.3",
      "resolved": "https://registry.npmjs.org/d3-color/-/d3-color-1.2.3.tgz",
      "integrity": "sha512-x37qq3ChOTLd26hnps36lexMRhNXEtVxZ4B25rL0DVdDsGQIJGB18S7y9XDwlDD6MD/ZBzITCf4JjGMM10TZkw==",
      "dev": true
    },
    "d3-format": {
      "version": "1.3.2",
      "resolved": "https://registry.npmjs.org/d3-format/-/d3-format-1.3.2.tgz",
      "integrity": "sha512-Z18Dprj96ExragQ0DeGi+SYPQ7pPfRMtUXtsg/ChVIKNBCzjO8XYJvRTC1usblx52lqge56V5ect+frYTQc8WQ==",
      "dev": true
    },
    "d3-interpolate": {
      "version": "1.3.2",
      "resolved": "https://registry.npmjs.org/d3-interpolate/-/d3-interpolate-1.3.2.tgz",
      "integrity": "sha512-NlNKGopqaz9qM1PXh9gBF1KSCVh+jSFErrSlD/4hybwoNX/gt1d8CDbDW+3i+5UOHhjC6s6nMvRxcuoMVNgL2w==",
      "dev": true,
      "requires": {
        "d3-color": "1"
      }
    },
    "d3-scale": {
      "version": "2.1.2",
      "resolved": "https://registry.npmjs.org/d3-scale/-/d3-scale-2.1.2.tgz",
      "integrity": "sha512-bESpd64ylaKzCDzvULcmHKZTlzA/6DGSVwx7QSDj/EnX9cpSevsdiwdHFYI9ouo9tNBbV3v5xztHS2uFeOzh8Q==",
      "dev": true,
      "requires": {
        "d3-array": "^1.2.0",
        "d3-collection": "1",
        "d3-format": "1",
        "d3-interpolate": "1",
        "d3-time": "1",
        "d3-time-format": "2"
      }
    },
    "d3-time": {
      "version": "1.0.10",
      "resolved": "https://registry.npmjs.org/d3-time/-/d3-time-1.0.10.tgz",
      "integrity": "sha512-hF+NTLCaJHF/JqHN5hE8HVGAXPStEq6/omumPE/SxyHVrR7/qQxusFDo0t0c/44+sCGHthC7yNGFZIEgju0P8g==",
      "dev": true
    },
    "d3-time-format": {
      "version": "2.1.3",
      "resolved": "https://registry.npmjs.org/d3-time-format/-/d3-time-format-2.1.3.tgz",
      "integrity": "sha512-6k0a2rZryzGm5Ihx+aFMuO1GgelgIz+7HhB4PH4OEndD5q2zGn1mDfRdNrulspOfR6JXkb2sThhDK41CSK85QA==",
      "dev": true,
      "requires": {
        "d3-time": "1"
      }
    },
    "encoding": {
      "version": "0.1.12",
      "resolved": "https://registry.npmjs.org/encoding/-/encoding-0.1.12.tgz",
      "integrity": "sha1-U4tm8+5izRq1HsMjgp0flIDHS+s=",
      "dev": true,
      "requires": {
        "iconv-lite": "~0.4.13"
      }
    },
    "esprima": {
      "version": "2.7.3",
      "resolved": "https://registry.npmjs.org/esprima/-/esprima-2.7.3.tgz",
      "integrity": "sha1-luO3DVd59q1JzQMmc9HDEnZ7pYE=",
      "dev": true
    },
    "iconv-lite": {
      "version": "0.4.24",
      "resolved": "https://registry.npmjs.org/iconv-lite/-/iconv-lite-0.4.24.tgz",
      "integrity": "sha512-v3MXnZAcvnywkTUEZomIActle7RXXeedOR31wwl7VlyoXO4Qi9arvSenNQWne1TcRwhCL1HwLI21bEqdpj8/rA==",
      "dev": true,
      "requires": {
        "safer-buffer": ">= 2.1.2 < 3"
      }
    },
    "is-stream": {
      "version": "1.1.0",
      "resolved": "https://registry.npmjs.org/is-stream/-/is-stream-1.1.0.tgz",
      "integrity": "sha1-EtSj3U5o4Lec6428hBc66A2RykQ=",
      "dev": true
    },
    "jquery": {
      "version": "3.3.1",
      "resolved": "https://registry.npmjs.org/jquery/-/jquery-3.3.1.tgz",
      "integrity": "sha512-Ubldcmxp5np52/ENotGxlLe6aGMvmF4R8S6tZjsP6Knsaxd/xp3Zrh50cG93lR6nPXyUFwzN3ZSOQI0wRJNdGg==",
      "dev": true
    },
    "json-parser": {
      "version": "1.1.5",
      "resolved": "https://registry.npmjs.org/json-parser/-/json-parser-1.1.5.tgz",
      "integrity": "sha1-5i7FJh0aal/CDoEqMgdAxtkAVnc=",
      "dev": true,
      "requires": {
        "esprima": "^2.7.0"
      }
    },
    "json-schema-traverse": {
      "version": "0.3.1",
      "resolved": "https://registry.npmjs.org/json-schema-traverse/-/json-schema-traverse-0.3.1.tgz",
      "integrity": "sha1-NJptRMU6Ud6JtAgFxdXlm0F9M0A=",
      "dev": true
    },
    "json-stable-stringify": {
      "version": "1.0.1",
      "resolved": "https://registry.npmjs.org/json-stable-stringify/-/json-stable-stringify-1.0.1.tgz",
      "integrity": "sha1-mnWdOcXy/1A/1TAGRu1EX4jE+a8=",
      "dev": true,
      "requires": {
        "jsonify": "~0.0.0"
      }
    },
    "jsonify": {
      "version": "0.0.0",
      "resolved": "https://registry.npmjs.org/jsonify/-/jsonify-0.0.0.tgz",
      "integrity": "sha1-LHS27kHZPKUbe1qu6PUDYx0lKnM=",
      "dev": true
    },
    "jupyter-scales": {
      "version": "1.1.1",
      "resolved": "https://registry.npmjs.org/jupyter-scales/-/jupyter-scales-1.1.1.tgz",
      "integrity": "sha512-2lYI7VLK1L6b16pqa9JEq7lwQNjbzLkhA67kwKI+z/DtTNcMZp8zdxvsweaKUl3D2W5b39DdTIhhk5rfzJHb8w==",
      "dev": true,
      "requires": {
        "@jupyter-widgets/base": "^1.1.10",
        "d3-interpolate": "^1.2.0",
        "d3-scale": "^2.0.0"
      },
      "dependencies": {
        "@jupyter-widgets/base": {
          "version": "1.2.1",
          "resolved": "https://registry.npmjs.org/@jupyter-widgets/base/-/base-1.2.1.tgz",
          "integrity": "sha1-2vy7IKQDGmPg0oS30EXOV9LmnB8=",
          "dev": true,
          "requires": {
            "@jupyterlab/services": "^1.0.1 || ^2.0.0 || ^3.0.0",
            "@phosphor/coreutils": "^1.2.0",
            "@phosphor/messaging": "^1.2.1",
            "@phosphor/widgets": "^1.3.0",
            "@types/backbone": "^1.3.33",
            "@types/lodash": "^4.14.66",
            "backbone": "1.2.3",
            "base64-js": "^1.2.1",
            "jquery": "^3.1.1",
            "lodash": "^4.17.4"
          }
        }
      }
    },
    "lodash": {
      "version": "4.17.10",
      "resolved": "https://registry.npmjs.org/lodash/-/lodash-4.17.10.tgz",
      "integrity": "sha512-UejweD1pDoXu+AD825lWwp4ZGtSwgnpZxb3JDViD7StjQz+Nb/6l093lx4OQ0foGWNRoc19mWy7BzL+UAK2iVg==",
      "dev": true
    },
    "minimist": {
      "version": "1.2.0",
      "resolved": "http://registry.npmjs.org/minimist/-/minimist-1.2.0.tgz",
      "integrity": "sha1-o1AIsg9BOD7sH7kU9M1d95omQoQ=",
      "dev": true
    },
    "moment": {
      "version": "2.21.0",
      "resolved": "http://registry.npmjs.org/moment/-/moment-2.21.0.tgz",
      "integrity": "sha512-TCZ36BjURTeFTM/CwRcViQlfkMvL1/vFISuNLO5GkcVm1+QHfbSiNqZuWeMFjj1/3+uAjXswgRk30j1kkLYJBQ==",
      "dev": true
    },
    "node-fetch": {
      "version": "1.7.3",
      "resolved": "https://registry.npmjs.org/node-fetch/-/node-fetch-1.7.3.tgz",
      "integrity": "sha512-NhZ4CsKx7cYm2vSrBAr2PvFOe6sWDf0UYLRqA6svUYg7+/TSfVAu49jYC4BvQ4Sms9SZgdqGBgroqfDhJdTyKQ==",
      "dev": true,
      "requires": {
        "encoding": "^0.1.11",
        "is-stream": "^1.0.1"
      }
    },
    "options": {
      "version": "0.0.6",
      "resolved": "https://registry.npmjs.org/options/-/options-0.0.6.tgz",
      "integrity": "sha1-7CLTEoBrtT5zF3Pnza788cZDEo8=",
      "dev": true
    },
    "path-posix": {
      "version": "1.0.0",
      "resolved": "https://registry.npmjs.org/path-posix/-/path-posix-1.0.0.tgz",
      "integrity": "sha1-BrJhE/Vr6rBCVFojv6iAA8ysJg8=",
      "dev": true
    },
    "querystringify": {
      "version": "2.0.0",
      "resolved": "https://registry.npmjs.org/querystringify/-/querystringify-2.0.0.tgz",
      "integrity": "sha512-eTPo5t/4bgaMNZxyjWx6N2a6AuE0mq51KWvpc7nU/MAqixcI6v6KrGUKES0HaomdnolQBBXU/++X6/QQ9KL4tw==",
      "dev": true
    },
    "requires-port": {
      "version": "1.0.0",
      "resolved": "https://registry.npmjs.org/requires-port/-/requires-port-1.0.0.tgz",
      "integrity": "sha1-kl0mAdOaxIXgkc8NpcbmlNw9yv8=",
      "dev": true
    },
    "safer-buffer": {
      "version": "2.1.2",
      "resolved": "https://registry.npmjs.org/safer-buffer/-/safer-buffer-2.1.2.tgz",
      "integrity": "sha512-YZo3K82SD7Riyi0E1EQPojLz7kpepnSQI9IyPbHHg1XXXevb5dJI7tpyN2ADxGcQbHG7vcyRHk0cbwqcQriUtg==",
      "dev": true
    },
    "ultron": {
      "version": "1.0.2",
      "resolved": "https://registry.npmjs.org/ultron/-/ultron-1.0.2.tgz",
      "integrity": "sha1-rOEWq1V80Zc4ak6I9GhTeMiy5Po=",
      "dev": true
    },
    "underscore": {
      "version": "1.9.1",
      "resolved": "https://registry.npmjs.org/underscore/-/underscore-1.9.1.tgz",
      "integrity": "sha512-5/4etnCkd9c8gwgowi5/om/mYO5ajCaOgdzj/oW+0eQV9WxKBDZw5+ycmKmeaTXjInS/W0BzpGLo2xR2aBwZdg==",
      "dev": true
    },
    "url-parse": {
      "version": "1.4.3",
      "resolved": "https://registry.npmjs.org/url-parse/-/url-parse-1.4.3.tgz",
      "integrity": "sha512-rh+KuAW36YKo0vClhQzLLveoj8FwPJNu65xLb7Mrt+eZht0IPT0IXgSv8gcMegZ6NvjJUALf6Mf25POlMwD1Fw==",
      "dev": true,
      "requires": {
        "querystringify": "^2.0.0",
        "requires-port": "^1.0.0"
      }
    },
    "ws": {
      "version": "1.1.5",
      "resolved": "https://registry.npmjs.org/ws/-/ws-1.1.5.tgz",
      "integrity": "sha512-o3KqipXNUdS7wpQzBHSe180lBGO60SoK0yVo3CYJgb2MkobuWuBX6dhkYP5ORCLd55y+SaflMOV5fqAB53ux4w==",
      "dev": true,
      "requires": {
        "options": ">=0.0.5",
        "ultron": "1.0.x"
      }
    }
  }
}
